
Microsoft Visual Studio Solution File, Format Version 12.00
# Visual Studio Version 17
VisualStudioVersion = 17.6.33829.357
MinimumVisualStudioVersion = 10.0.40219.1
Project("{9A19103F-16F7-4668-BE54-9A1E7A4F7556}") = "OnlineExamination.DataAccess", "OnlineExamination.DataAccess\OnlineExamination.DataAccess.csproj", "{27112632-5F8C-4CC8-A432-76B61EE89526}"
EndProject
Project("{FAE04EC0-301F-11D3-BF4B-00C04F79EFBC}") = "OnlineExamination.ViewModels", "OnlineExamination.ViewModels\OnlineExamination.ViewModels.csproj", "{2EC72ACB-7019-49C2-8621-374245415A99}"
EndProject
Global
	GlobalSection(SolutionConfigurationPlatforms) = preSolution
		Debug|Any CPU = Debug|Any CPU
		Release|Any CPU = Release|Any CPU
	EndGlobalSection
	GlobalSection(ProjectConfigurationPlatforms) = postSolution
		{27112632-5F8C-4CC8-A432-76B61EE89526}.Debug|Any CPU.ActiveCfg = Debug|Any CPU
		{27112632-5F8C-4CC8-A432-76B61EE89526}.Debug|Any CPU.Build.0 = Debug|Any CPU
		{27112632-5F8C-4CC8-A432-76B61EE89526}.Release|Any CPU.ActiveCfg = Release|Any CPU
		{27112632-5F8C-4CC8-A432-76B61EE89526}.Release|Any CPU.Build.0 = Release|Any CPU
		{2EC72ACB-7019-49C2-8621-374245415A99}.Debug|Any CPU.ActiveCfg = Debug|Any CPU
		{2EC72ACB-7019-49C2-8621-374245415A99}.Debug|Any CPU.Build.0 = Debug|Any CPU
		{2EC72ACB-7019-49C2-8621-374245415A99}.Release|Any CPU.ActiveCfg = Release|Any CPU
		{2EC72ACB-7019-49C2-8621-374245415A99}.Release|Any CPU.Build.0 = Release|Any CPU
	EndGlobalSection
	GlobalSection(SolutionProperties) = preSolution
		HideSolutionNode = FALSE
	EndGlobalSection
	GlobalSection(ExtensibilityGlobals) = postSolution
		SolutionGuid = {FD40D517-3F6F-42D9-BE9D-B07DABBCD1F1}
	EndGlobalSection
EndGlobal
